<Solution>
  <Folder Name="/src/">
    <Project Path="src/AgentWorkspace.Agents/AgentWorkspace.Agents.csproj" />
    <Project Path="src/AgentWorkspace.Cli/AgentWorkspace.Cli.csproj" />
    <Project Path="src/AgentWorkspace.Core/AgentWorkspace.Core.csproj" />
    <Project Path="src/AgentWorkspace.Models/AgentWorkspace.Models.csproj" />
    <Project Path="src/AgentWorkspace.Platform/AgentWorkspace.Platform.csproj" />
    <Project Path="src/AgentWorkspace.Tui/AgentWorkspace.Tui.csproj" />
  </Folder>
  <Folder Name="/tests/">
    <Project Path="tests/AgentWorkspace.Tests/AgentWorkspace.Tests.csproj" />
  </Folder>
</Solution>
